// !$*UTF8*$!
{
	archiveVersion = 1;
	classes = {
	};
	objectVersion = 50;
	objects = {

/* Begin PBXBuildFile section */
		218FF70F3277BD14DE0883D8 /* Pods_SCS_hackathonUITests.framework in Frameworks */ = {isa = PBXBuildFile; fileRef = 4FAC6ABB744BBAE3195FEF09 /* Pods_SCS_hackathonUITests.framework */; };
		321E525B21A97B8600D20D51 /* AppDelegate.swift in Sources */ = {isa = PBXBuildFile; fileRef = 321E525A21A97B8600D20D51 /* AppDelegate.swift */; };
		321E525D21A97B8600D20D51 /* art.scnassets in Resources */ = {isa = PBXBuildFile; fileRef = 321E525C21A97B8600D20D51 /* art.scnassets */; };
		321E525F21A97B8700D20D51 /* ARViewController.swift in Sources */ = {isa = PBXBuildFile; fileRef = 321E525E21A97B8700D20D51 /* ARViewController.swift */; };
		321E526221A97B8700D20D51 /* Main.storyboard in Resources */ = {isa = PBXBuildFile; fileRef = 321E526021A97B8700D20D51 /* Main.storyboard */; };
		321E526721A97B8E00D20D51 /* LaunchScreen.storyboard in Resources */ = {isa = PBXBuildFile; fileRef = 321E526521A97B8E00D20D51 /* LaunchScreen.storyboard */; };
		321E527221A97B8F00D20D51 /* SCS_hackathonTests.swift in Sources */ = {isa = PBXBuildFile; fileRef = 321E527121A97B8F00D20D51 /* SCS_hackathonTests.swift */; };
		321E527D21A97B8F00D20D51 /* SCS_hackathonUITests.swift in Sources */ = {isa = PBXBuildFile; fileRef = 321E527C21A97B8F00D20D51 /* SCS_hackathonUITests.swift */; };
		323F633121AFBBFD00EC7854 /* HomeViewController.swift in Sources */ = {isa = PBXBuildFile; fileRef = 323F633021AFBBFD00EC7854 /* HomeViewController.swift */; };
		3242F25B21B19CA1004FE215 /* Navigation.storyboard in Resources */ = {isa = PBXBuildFile; fileRef = 3242F25A21B19CA1004FE215 /* Navigation.storyboard */; };
		32567F4F21B24A48007CCCFE /* IMG_2856.HEIC in Resources */ = {isa = PBXBuildFile; fileRef = 32567F3A21B24A43007CCCFE /* IMG_2856.HEIC */; };
		32567F5021B24A48007CCCFE /* IMG_2854.HEIC in Resources */ = {isa = PBXBuildFile; fileRef = 32567F3B21B24A44007CCCFE /* IMG_2854.HEIC */; };
		32567F5121B24A48007CCCFE /* IMG_2851.HEIC in Resources */ = {isa = PBXBuildFile; fileRef = 32567F3C21B24A44007CCCFE /* IMG_2851.HEIC */; };
		32567F5221B24A48007CCCFE /* IMG_5817.HEIC in Resources */ = {isa = PBXBuildFile; fileRef = 32567F3D21B24A44007CCCFE /* IMG_5817.HEIC */; };
		32567F5321B24A48007CCCFE /* IMG_2857.HEIC in Resources */ = {isa = PBXBuildFile; fileRef = 32567F3E21B24A44007CCCFE /* IMG_2857.HEIC */; };
		32567F5421B24A48007CCCFE /* IMG_2860.HEIC in Resources */ = {isa = PBXBuildFile; fileRef = 32567F3F21B24A45007CCCFE /* IMG_2860.HEIC */; };
		32567F5521B24A48007CCCFE /* IMG_2863.HEIC in Resources */ = {isa = PBXBuildFile; fileRef = 32567F4021B24A45007CCCFE /* IMG_2863.HEIC */; };
		32567F5621B24A48007CCCFE /* IMG_2855.HEIC in Resources */ = {isa = PBXBuildFile; fileRef = 32567F4121B24A45007CCCFE /* IMG_2855.HEIC */; };
		32567F5721B24A48007CCCFE /* IMG_4621.HEIC in Resources */ = {isa = PBXBuildFile; fileRef = 32567F4221B24A45007CCCFE /* IMG_4621.HEIC */; };
		32567F5821B24A48007CCCFE /* IMG_7706.HEIC in Resources */ = {isa = PBXBuildFile; fileRef = 32567F4321B24A45007CCCFE /* IMG_7706.HEIC */; };
		32567F5921B24A48007CCCFE /* IMG_2859.HEIC in Resources */ = {isa = PBXBuildFile; fileRef = 32567F4421B24A46007CCCFE /* IMG_2859.HEIC */; };
		32567F5A21B24A48007CCCFE /* IMG_1502.HEIC in Resources */ = {isa = PBXBuildFile; fileRef = 32567F4521B24A46007CCCFE /* IMG_1502.HEIC */; };
		32567F5B21B24A48007CCCFE /* IMG_2848.HEIC in Resources */ = {isa = PBXBuildFile; fileRef = 32567F4621B24A46007CCCFE /* IMG_2848.HEIC */; };
		32567F5C21B24A48007CCCFE /* IMG_2853.HEIC in Resources */ = {isa = PBXBuildFile; fileRef = 32567F4721B24A46007CCCFE /* IMG_2853.HEIC */; };
		32567F5D21B24A48007CCCFE /* IMG_2862.HEIC in Resources */ = {isa = PBXBuildFile; fileRef = 32567F4821B24A47007CCCFE /* IMG_2862.HEIC */; };
		32567F5E21B24A48007CCCFE /* IMG_8904.HEIC in Resources */ = {isa = PBXBuildFile; fileRef = 32567F4921B24A47007CCCFE /* IMG_8904.HEIC */; };
		32567F5F21B24A48007CCCFE /* IMG_2850.HEIC in Resources */ = {isa = PBXBuildFile; fileRef = 32567F4A21B24A47007CCCFE /* IMG_2850.HEIC */; };
		32567F6021B24A48007CCCFE /* IMG_2487.HEIC in Resources */ = {isa = PBXBuildFile; fileRef = 32567F4B21B24A47007CCCFE /* IMG_2487.HEIC */; };
		32567F6121B24A48007CCCFE /* IMG_2861.HEIC in Resources */ = {isa = PBXBuildFile; fileRef = 32567F4C21B24A47007CCCFE /* IMG_2861.HEIC */; };
		32567F6221B24A48007CCCFE /* IMG_2852.HEIC in Resources */ = {isa = PBXBuildFile; fileRef = 32567F4D21B24A48007CCCFE /* IMG_2852.HEIC */; };
		32567F6321B24A48007CCCFE /* IMG_2858.HEIC in Resources */ = {isa = PBXBuildFile; fileRef = 32567F4E21B24A48007CCCFE /* IMG_2858.HEIC */; };
		32567F6721B266E2007CCCFE /* map.sks in Resources */ = {isa = PBXBuildFile; fileRef = 32567F6621B266E2007CCCFE /* map.sks */; };
		32567F6921B26765007CCCFE /* mapp.png in Resources */ = {isa = PBXBuildFile; fileRef = 32567F6821B26765007CCCFE /* mapp.png */; };
		3299855421B1A53F009A045E /* NavigationView.swift in Sources */ = {isa = PBXBuildFile; fileRef = 3299855321B1A53F009A045E /* NavigationView.swift */; };
		3299855621B1ACEA009A045E /* Data.swift in Sources */ = {isa = PBXBuildFile; fileRef = 3299855521B1ACEA009A045E /* Data.swift */; };
		3299855821B1B90D009A045E /* ExhibitsCollectionViewCell.swift in Sources */ = {isa = PBXBuildFile; fileRef = 3299855721B1B90D009A045E /* ExhibitsCollectionViewCell.swift */; };
		3299855A21B1BBA9009A045E /* aureliusStickers.004.png in Resources */ = {isa = PBXBuildFile; fileRef = 3299855921B1BBA9009A045E /* aureliusStickers.004.png */; };
		32F8009921AFC27E00E9C5AE /* menu_hamburger.json in Resources */ = {isa = PBXBuildFile; fileRef = 32F8009821AFC27E00E9C5AE /* menu_hamburger.json */; };
		32F8009B21AFCB5E00E9C5AE /* TriangleView.swift in Sources */ = {isa = PBXBuildFile; fileRef = 32F8009A21AFCB5E00E9C5AE /* TriangleView.swift */; };
		32F8009D21B0ECE500E9C5AE /* Menu.storyboard in Resources */ = {isa = PBXBuildFile; fileRef = 32F8009C21B0ECE500E9C5AE /* Menu.storyboard */; };
		32F8009F21B0EF1F00E9C5AE /* MenuViewController.swift in Sources */ = {isa = PBXBuildFile; fileRef = 32F8009E21B0EF1F00E9C5AE /* MenuViewController.swift */; };
		3F9932C98BE3E3EA52EFE932 /* Pods_SCS_hackathon.framework in Frameworks */ = {isa = PBXBuildFile; fileRef = D6904F19B66806FD1D89B1F5 /* Pods_SCS_hackathon.framework */; };
		426FEBA421B28BE5002F8797 /* Assets.xcassets in Resources */ = {isa = PBXBuildFile; fileRef = 426FEBA321B28BE4002F8797 /* Assets.xcassets */; };
		5A5890559857AE6208EC7E56 /* Pods_SCS_hackathonTests.framework in Frameworks */ = {isa = PBXBuildFile; fileRef = 7ABA77785C04A7A847AF2B85 /* Pods_SCS_hackathonTests.framework */; };
/* End PBXBuildFile section */

/* Begin PBXContainerItemProxy section */
		321E526E21A97B8F00D20D51 /* PBXContainerItemProxy */ = {
			isa = PBXContainerItemProxy;
			containerPortal = 321E524F21A97B8600D20D51 /* Project object */;
			proxyType = 1;
			remoteGlobalIDString = 321E525621A97B8600D20D51;
			remoteInfo = "SCS hackathon";
		};
		321E527921A97B8F00D20D51 /* PBXContainerItemProxy */ = {
			isa = PBXContainerItemProxy;
			containerPortal = 321E524F21A97B8600D20D51 /* Project object */;
			proxyType = 1;
			remoteGlobalIDString = 321E525621A97B8600D20D51;
			remoteInfo = "SCS hackathon";
		};
/* End PBXContainerItemProxy section */

/* Begin PBXFileReference section */
		321E525721A97B8600D20D51 /* SCS hackathon.app */ = {isa = PBXFileReference; explicitFileType = wrapper.application; includeInIndex = 0; path = "SCS hackathon.app"; sourceTree = BUILT_PRODUCTS_DIR; };
		321E525A21A97B8600D20D51 /* AppDelegate.swift */ = {isa = PBXFileReference; lastKnownFileType = sourcecode.swift; path = AppDelegate.swift; sourceTree = "<group>"; };
		321E525C21A97B8600D20D51 /* art.scnassets */ = {isa = PBXFileReference; lastKnownFileType = wrapper.scnassets; path = art.scnassets; sourceTree = "<group>"; };
		321E525E21A97B8700D20D51 /* ARViewController.swift */ = {isa = PBXFileReference; lastKnownFileType = sourcecode.swift; path = ARViewController.swift; sourceTree = "<group>"; };
		321E526121A97B8700D20D51 /* Base */ = {isa = PBXFileReference; lastKnownFileType = file.storyboard; name = Base; path = Base.lproj/Main.storyboard; sourceTree = "<group>"; };
		321E526621A97B8E00D20D51 /* Base */ = {isa = PBXFileReference; lastKnownFileType = file.storyboard; name = Base; path = Base.lproj/LaunchScreen.storyboard; sourceTree = "<group>"; };
		321E526821A97B8E00D20D51 /* Info.plist */ = {isa = PBXFileReference; lastKnownFileType = text.plist.xml; path = Info.plist; sourceTree = "<group>"; };
		321E526D21A97B8F00D20D51 /* SCS hackathonTests.xctest */ = {isa = PBXFileReference; explicitFileType = wrapper.cfbundle; includeInIndex = 0; path = "SCS hackathonTests.xctest"; sourceTree = BUILT_PRODUCTS_DIR; };
		321E527121A97B8F00D20D51 /* SCS_hackathonTests.swift */ = {isa = PBXFileReference; lastKnownFileType = sourcecode.swift; path = SCS_hackathonTests.swift; sourceTree = "<group>"; };
		321E527321A97B8F00D20D51 /* Info.plist */ = {isa = PBXFileReference; lastKnownFileType = text.plist.xml; path = Info.plist; sourceTree = "<group>"; };
		321E527821A97B8F00D20D51 /* SCS hackathonUITests.xctest */ = {isa = PBXFileReference; explicitFileType = wrapper.cfbundle; includeInIndex = 0; path = "SCS hackathonUITests.xctest"; sourceTree = BUILT_PRODUCTS_DIR; };
		321E527C21A97B8F00D20D51 /* SCS_hackathonUITests.swift */ = {isa = PBXFileReference; lastKnownFileType = sourcecode.swift; path = SCS_hackathonUITests.swift; sourceTree = "<group>"; };
		321E527E21A97B8F00D20D51 /* Info.plist */ = {isa = PBXFileReference; lastKnownFileType = text.plist.xml; path = Info.plist; sourceTree = "<group>"; };
		323F633021AFBBFD00EC7854 /* HomeViewController.swift */ = {isa = PBXFileReference; lastKnownFileType = sourcecode.swift; path = HomeViewController.swift; sourceTree = "<group>"; };
		3242F25A21B19CA1004FE215 /* Navigation.storyboard */ = {isa = PBXFileReference; fileEncoding = 4; lastKnownFileType = file.storyboard; path = Navigation.storyboard; sourceTree = "<group>"; };
		32567F3A21B24A43007CCCFE /* IMG_2856.HEIC */ = {isa = PBXFileReference; lastKnownFileType = file; path = IMG_2856.HEIC; sourceTree = "<group>"; };
		32567F3B21B24A44007CCCFE /* IMG_2854.HEIC */ = {isa = PBXFileReference; lastKnownFileType = file; path = IMG_2854.HEIC; sourceTree = "<group>"; };
		32567F3C21B24A44007CCCFE /* IMG_2851.HEIC */ = {isa = PBXFileReference; lastKnownFileType = file; path = IMG_2851.HEIC; sourceTree = "<group>"; };
		32567F3D21B24A44007CCCFE /* IMG_5817.HEIC */ = {isa = PBXFileReference; lastKnownFileType = file; path = IMG_5817.HEIC; sourceTree = "<group>"; };
		32567F3E21B24A44007CCCFE /* IMG_2857.HEIC */ = {isa = PBXFileReference; lastKnownFileType = file; path = IMG_2857.HEIC; sourceTree = "<group>"; };
		32567F3F21B24A45007CCCFE /* IMG_2860.HEIC */ = {isa = PBXFileReference; lastKnownFileType = file; path = IMG_2860.HEIC; sourceTree = "<group>"; };
		32567F4021B24A45007CCCFE /* IMG_2863.HEIC */ = {isa = PBXFileReference; lastKnownFileType = file; path = IMG_2863.HEIC; sourceTree = "<group>"; };
		32567F4121B24A45007CCCFE /* IMG_2855.HEIC */ = {isa = PBXFileReference; lastKnownFileType = file; path = IMG_2855.HEIC; sourceTree = "<group>"; };
		32567F4221B24A45007CCCFE /* IMG_4621.HEIC */ = {isa = PBXFileReference; lastKnownFileType = file; path = IMG_4621.HEIC; sourceTree = "<group>"; };
		32567F4321B24A45007CCCFE /* IMG_7706.HEIC */ = {isa = PBXFileReference; lastKnownFileType = file; path = IMG_7706.HEIC; sourceTree = "<group>"; };
		32567F4421B24A46007CCCFE /* IMG_2859.HEIC */ = {isa = PBXFileReference; lastKnownFileType = file; path = IMG_2859.HEIC; sourceTree = "<group>"; };
		32567F4521B24A46007CCCFE /* IMG_1502.HEIC */ = {isa = PBXFileReference; lastKnownFileType = file; path = IMG_1502.HEIC; sourceTree = "<group>"; };
		32567F4621B24A46007CCCFE /* IMG_2848.HEIC */ = {isa = PBXFileReference; lastKnownFileType = file; path = IMG_2848.HEIC; sourceTree = "<group>"; };
		32567F4721B24A46007CCCFE /* IMG_2853.HEIC */ = {isa = PBXFileReference; lastKnownFileType = file; path = IMG_2853.HEIC; sourceTree = "<group>"; };
		32567F4821B24A47007CCCFE /* IMG_2862.HEIC */ = {isa = PBXFileReference; lastKnownFileType = file; path = IMG_2862.HEIC; sourceTree = "<group>"; };
		32567F4921B24A47007CCCFE /* IMG_8904.HEIC */ = {isa = PBXFileReference; lastKnownFileType = file; path = IMG_8904.HEIC; sourceTree = "<group>"; };
		32567F4A21B24A47007CCCFE /* IMG_2850.HEIC */ = {isa = PBXFileReference; lastKnownFileType = file; path = IMG_2850.HEIC; sourceTree = "<group>"; };
		32567F4B21B24A47007CCCFE /* IMG_2487.HEIC */ = {isa = PBXFileReference; lastKnownFileType = file; path = IMG_2487.HEIC; sourceTree = "<group>"; };
		32567F4C21B24A47007CCCFE /* IMG_2861.HEIC */ = {isa = PBXFileReference; lastKnownFileType = file; path = IMG_2861.HEIC; sourceTree = "<group>"; };
		32567F4D21B24A48007CCCFE /* IMG_2852.HEIC */ = {isa = PBXFileReference; lastKnownFileType = file; path = IMG_2852.HEIC; sourceTree = "<group>"; };
		32567F4E21B24A48007CCCFE /* IMG_2858.HEIC */ = {isa = PBXFileReference; lastKnownFileType = file; path = IMG_2858.HEIC; sourceTree = "<group>"; };
		32567F6621B266E2007CCCFE /* map.sks */ = {isa = PBXFileReference; lastKnownFileType = file.sks; path = map.sks; sourceTree = "<group>"; };
		32567F6821B26765007CCCFE /* mapp.png */ = {isa = PBXFileReference; lastKnownFileType = image.png; path = mapp.png; sourceTree = "<group>"; };
		3299855321B1A53F009A045E /* NavigationView.swift */ = {isa = PBXFileReference; lastKnownFileType = sourcecode.swift; path = NavigationView.swift; sourceTree = "<group>"; };
		3299855521B1ACEA009A045E /* Data.swift */ = {isa = PBXFileReference; lastKnownFileType = sourcecode.swift; path = Data.swift; sourceTree = "<group>"; };
		3299855721B1B90D009A045E /* ExhibitsCollectionViewCell.swift */ = {isa = PBXFileReference; lastKnownFileType = sourcecode.swift; path = ExhibitsCollectionViewCell.swift; sourceTree = "<group>"; };
		3299855921B1BBA9009A045E /* aureliusStickers.004.png */ = {isa = PBXFileReference; lastKnownFileType = image.png; path = aureliusStickers.004.png; sourceTree = "<group>"; };
		32F8009821AFC27E00E9C5AE /* menu_hamburger.json */ = {isa = PBXFileReference; fileEncoding = 4; lastKnownFileType = text.json; path = menu_hamburger.json; sourceTree = "<group>"; };
		32F8009A21AFCB5E00E9C5AE /* TriangleView.swift */ = {isa = PBXFileReference; lastKnownFileType = sourcecode.swift; path = TriangleView.swift; sourceTree = "<group>"; };
		32F8009C21B0ECE500E9C5AE /* Menu.storyboard */ = {isa = PBXFileReference; lastKnownFileType = file.storyboard; path = Menu.storyboard; sourceTree = "<group>"; };
		32F8009E21B0EF1F00E9C5AE /* MenuViewController.swift */ = {isa = PBXFileReference; lastKnownFileType = sourcecode.swift; path = MenuViewController.swift; sourceTree = "<group>"; };
		332E36BE5204B692D86781A7 /* Pods-SCS hackathonTests.debug.xcconfig */ = {isa = PBXFileReference; includeInIndex = 1; lastKnownFileType = text.xcconfig; name = "Pods-SCS hackathonTests.debug.xcconfig"; path = "Pods/Target Support Files/Pods-SCS hackathonTests/Pods-SCS hackathonTests.debug.xcconfig"; sourceTree = "<group>"; };
		426FEBA321B28BE4002F8797 /* Assets.xcassets */ = {isa = PBXFileReference; lastKnownFileType = folder.assetcatalog; path = Assets.xcassets; sourceTree = "<group>"; };
		4A19E68FF84B004E6C7D8214 /* Pods-SCS hackathon.debug.xcconfig */ = {isa = PBXFileReference; includeInIndex = 1; lastKnownFileType = text.xcconfig; name = "Pods-SCS hackathon.debug.xcconfig"; path = "Pods/Target Support Files/Pods-SCS hackathon/Pods-SCS hackathon.debug.xcconfig"; sourceTree = "<group>"; };
		4FAC6ABB744BBAE3195FEF09 /* Pods_SCS_hackathonUITests.framework */ = {isa = PBXFileReference; explicitFileType = wrapper.framework; includeInIndex = 0; path = Pods_SCS_hackathonUITests.framework; sourceTree = BUILT_PRODUCTS_DIR; };
		6F038815D4C6AE01F82FF8AA /* Pods-SCS hackathonUITests.debug.xcconfig */ = {isa = PBXFileReference; includeInIndex = 1; lastKnownFileType = text.xcconfig; name = "Pods-SCS hackathonUITests.debug.xcconfig"; path = "Pods/Target Support Files/Pods-SCS hackathonUITests/Pods-SCS hackathonUITests.debug.xcconfig"; sourceTree = "<group>"; };
		7ABA77785C04A7A847AF2B85 /* Pods_SCS_hackathonTests.framework */ = {isa = PBXFileReference; explicitFileType = wrapper.framework; includeInIndex = 0; path = Pods_SCS_hackathonTests.framework; sourceTree = BUILT_PRODUCTS_DIR; };
		8AEF75CBF238F00A3A94A41B /* Pods-SCS hackathonTests.release.xcconfig */ = {isa = PBXFileReference; includeInIndex = 1; lastKnownFileType = text.xcconfig; name = "Pods-SCS hackathonTests.release.xcconfig"; path = "Pods/Target Support Files/Pods-SCS hackathonTests/Pods-SCS hackathonTests.release.xcconfig"; sourceTree = "<group>"; };
		9A09910851061ADDCE5295C8 /* Pods-SCS hackathon.release.xcconfig */ = {isa = PBXFileReference; includeInIndex = 1; lastKnownFileType = text.xcconfig; name = "Pods-SCS hackathon.release.xcconfig"; path = "Pods/Target Support Files/Pods-SCS hackathon/Pods-SCS hackathon.release.xcconfig"; sourceTree = "<group>"; };
		AD232C0A5352A6AA3DD0680C /* Pods-SCS hackathonUITests.release.xcconfig */ = {isa = PBXFileReference; includeInIndex = 1; lastKnownFileType = text.xcconfig; name = "Pods-SCS hackathonUITests.release.xcconfig"; path = "Pods/Target Support Files/Pods-SCS hackathonUITests/Pods-SCS hackathonUITests.release.xcconfig"; sourceTree = "<group>"; };
		D6904F19B66806FD1D89B1F5 /* Pods_SCS_hackathon.framework */ = {isa = PBXFileReference; explicitFileType = wrapper.framework; includeInIndex = 0; path = Pods_SCS_hackathon.framework; sourceTree = BUILT_PRODUCTS_DIR; };
/* End PBXFileReference section */

/* Begin PBXFrameworksBuildPhase section */
		321E525421A97B8600D20D51 /* Frameworks */ = {
			isa = PBXFrameworksBuildPhase;
			buildActionMask = 2147483647;
			files = (
				3F9932C98BE3E3EA52EFE932 /* Pods_SCS_hackathon.framework in Frameworks */,
			);
			runOnlyForDeploymentPostprocessing = 0;
		};
		321E526A21A97B8F00D20D51 /* Frameworks */ = {
			isa = PBXFrameworksBuildPhase;
			buildActionMask = 2147483647;
			files = (
				5A5890559857AE6208EC7E56 /* Pods_SCS_hackathonTests.framework in Frameworks */,
			);
			runOnlyForDeploymentPostprocessing = 0;
		};
		321E527521A97B8F00D20D51 /* Frameworks */ = {
			isa = PBXFrameworksBuildPhase;
			buildActionMask = 2147483647;
			files = (
				218FF70F3277BD14DE0883D8 /* Pods_SCS_hackathonUITests.framework in Frameworks */,
			);
			runOnlyForDeploymentPostprocessing = 0;
		};
/* End PBXFrameworksBuildPhase section */

/* Begin PBXGroup section */
		05C74684D48AC65CEE54E70F /* Frameworks */ = {
			isa = PBXGroup;
			children = (
				D6904F19B66806FD1D89B1F5 /* Pods_SCS_hackathon.framework */,
				7ABA77785C04A7A847AF2B85 /* Pods_SCS_hackathonTests.framework */,
				4FAC6ABB744BBAE3195FEF09 /* Pods_SCS_hackathonUITests.framework */,
			);
			name = Frameworks;
			sourceTree = "<group>";
		};
		321E524E21A97B8600D20D51 = {
			isa = PBXGroup;
			children = (
				321E525921A97B8600D20D51 /* SCS hackathon */,
				321E527021A97B8F00D20D51 /* SCS hackathonTests */,
				321E527B21A97B8F00D20D51 /* SCS hackathonUITests */,
				321E525821A97B8600D20D51 /* Products */,
				653D4DC7987D8619E5EB3DF4 /* Pods */,
				05C74684D48AC65CEE54E70F /* Frameworks */,
			);
			sourceTree = "<group>";
		};
		321E525821A97B8600D20D51 /* Products */ = {
			isa = PBXGroup;
			children = (
				321E525721A97B8600D20D51 /* SCS hackathon.app */,
				321E526D21A97B8F00D20D51 /* SCS hackathonTests.xctest */,
				321E527821A97B8F00D20D51 /* SCS hackathonUITests.xctest */,
			);
			name = Products;
			sourceTree = "<group>";
		};
		321E525921A97B8600D20D51 /* SCS hackathon */ = {
			isa = PBXGroup;
			children = (
				321E525A21A97B8600D20D51 /* AppDelegate.swift */,
				32F800A621B1186900E9C5AE /* Assets */,
				32F800A221B117F500E9C5AE /* Storyboards */,
				32F800A321B1180A00E9C5AE /* ViewControllers */,
				32F800A421B1183800E9C5AE /* Swift Classes */,
				32F800A521B1185000E9C5AE /* Supporting Files */,
			);
			path = "SCS hackathon";
			sourceTree = "<group>";
		};
		321E527021A97B8F00D20D51 /* SCS hackathonTests */ = {
			isa = PBXGroup;
			children = (
				321E527121A97B8F00D20D51 /* SCS_hackathonTests.swift */,
				321E527321A97B8F00D20D51 /* Info.plist */,
			);
			path = "SCS hackathonTests";
			sourceTree = "<group>";
		};
		321E527B21A97B8F00D20D51 /* SCS hackathonUITests */ = {
			isa = PBXGroup;
			children = (
				321E527C21A97B8F00D20D51 /* SCS_hackathonUITests.swift */,
				321E527E21A97B8F00D20D51 /* Info.plist */,
			);
			path = "SCS hackathonUITests";
			sourceTree = "<group>";
		};
		32567F0F21B21534007CCCFE /* Exhibit images */ = {
			isa = PBXGroup;
			children = (
				32567F4521B24A46007CCCFE /* IMG_1502.HEIC */,
				32567F4B21B24A47007CCCFE /* IMG_2487.HEIC */,
				32567F4621B24A46007CCCFE /* IMG_2848.HEIC */,
				32567F4A21B24A47007CCCFE /* IMG_2850.HEIC */,
				32567F3C21B24A44007CCCFE /* IMG_2851.HEIC */,
				32567F4D21B24A48007CCCFE /* IMG_2852.HEIC */,
				32567F4721B24A46007CCCFE /* IMG_2853.HEIC */,
				32567F3B21B24A44007CCCFE /* IMG_2854.HEIC */,
				32567F4121B24A45007CCCFE /* IMG_2855.HEIC */,
				32567F3A21B24A43007CCCFE /* IMG_2856.HEIC */,
				32567F3E21B24A44007CCCFE /* IMG_2857.HEIC */,
				32567F4E21B24A48007CCCFE /* IMG_2858.HEIC */,
				32567F4421B24A46007CCCFE /* IMG_2859.HEIC */,
				32567F3F21B24A45007CCCFE /* IMG_2860.HEIC */,
				32567F4C21B24A47007CCCFE /* IMG_2861.HEIC */,
				32567F4821B24A47007CCCFE /* IMG_2862.HEIC */,
				32567F4021B24A45007CCCFE /* IMG_2863.HEIC */,
				32567F4221B24A45007CCCFE /* IMG_4621.HEIC */,
				32567F3D21B24A44007CCCFE /* IMG_5817.HEIC */,
				32567F4321B24A45007CCCFE /* IMG_7706.HEIC */,
				32567F4921B24A47007CCCFE /* IMG_8904.HEIC */,
				3299855921B1BBA9009A045E /* aureliusStickers.004.png */,
			);
			path = "Exhibit images";
			sourceTree = "<group>";
		};
		32F800A221B117F500E9C5AE /* Storyboards */ = {
			isa = PBXGroup;
			children = (
				3242F25A21B19CA1004FE215 /* Navigation.storyboard */,
				321E526521A97B8E00D20D51 /* LaunchScreen.storyboard */,
				321E526021A97B8700D20D51 /* Main.storyboard */,
				32F8009C21B0ECE500E9C5AE /* Menu.storyboard */,
			);
			path = Storyboards;
			sourceTree = "<group>";
		};
		32F800A321B1180A00E9C5AE /* ViewControllers */ = {
			isa = PBXGroup;
			children = (
				321E525E21A97B8700D20D51 /* ARViewController.swift */,
				32F8009E21B0EF1F00E9C5AE /* MenuViewController.swift */,
				323F633021AFBBFD00EC7854 /* HomeViewController.swift */,
			);
			path = ViewControllers;
			sourceTree = "<group>";
		};
		32F800A421B1183800E9C5AE /* Swift Classes */ = {
			isa = PBXGroup;
			children = (
				3299855521B1ACEA009A045E /* Data.swift */,
				3299855321B1A53F009A045E /* NavigationView.swift */,
				32F8009A21AFCB5E00E9C5AE /* TriangleView.swift */,
				3299855721B1B90D009A045E /* ExhibitsCollectionViewCell.swift */,
			);
			path = "Swift Classes";
			sourceTree = "<group>";
		};
		32F800A521B1185000E9C5AE /* Supporting Files */ = {
			isa = PBXGroup;
			children = (
				321E526821A97B8E00D20D51 /* Info.plist */,
			);
			path = "Supporting Files";
			sourceTree = "<group>";
		};
		32F800A621B1186900E9C5AE /* Assets */ = {
			isa = PBXGroup;
			children = (
				32567F0F21B21534007CCCFE /* Exhibit images */,
				32F8009821AFC27E00E9C5AE /* menu_hamburger.json */,
				426FEBA321B28BE4002F8797 /* Assets.xcassets */,
				321E525C21A97B8600D20D51 /* art.scnassets */,
				32567F6621B266E2007CCCFE /* map.sks */,
				32567F6821B26765007CCCFE /* mapp.png */,
			);
			path = Assets;
			sourceTree = "<group>";
		};
		653D4DC7987D8619E5EB3DF4 /* Pods */ = {
			isa = PBXGroup;
			children = (
				4A19E68FF84B004E6C7D8214 /* Pods-SCS hackathon.debug.xcconfig */,
				9A09910851061ADDCE5295C8 /* Pods-SCS hackathon.release.xcconfig */,
				332E36BE5204B692D86781A7 /* Pods-SCS hackathonTests.debug.xcconfig */,
				8AEF75CBF238F00A3A94A41B /* Pods-SCS hackathonTests.release.xcconfig */,
				6F038815D4C6AE01F82FF8AA /* Pods-SCS hackathonUITests.debug.xcconfig */,
				AD232C0A5352A6AA3DD0680C /* Pods-SCS hackathonUITests.release.xcconfig */,
			);
			name = Pods;
			sourceTree = "<group>";
		};
/* End PBXGroup section */

/* Begin PBXNativeTarget section */
		321E525621A97B8600D20D51 /* SCS hackathon */ = {
			isa = PBXNativeTarget;
			buildConfigurationList = 321E528121A97B8F00D20D51 /* Build configuration list for PBXNativeTarget "SCS hackathon" */;
			buildPhases = (
				19B80BD4E9316F71B5058DD3 /* [CP] Check Pods Manifest.lock */,
				321E525321A97B8600D20D51 /* Sources */,
				321E525421A97B8600D20D51 /* Frameworks */,
				321E525521A97B8600D20D51 /* Resources */,
				DAF0FBD312D669702E109661 /* [CP] Embed Pods Frameworks */,
			);
			buildRules = (
			);
			dependencies = (
			);
			name = "SCS hackathon";
			productName = "SCS hackathon";
			productReference = 321E525721A97B8600D20D51 /* SCS hackathon.app */;
			productType = "com.apple.product-type.application";
		};
		321E526C21A97B8F00D20D51 /* SCS hackathonTests */ = {
			isa = PBXNativeTarget;
			buildConfigurationList = 321E528421A97B8F00D20D51 /* Build configuration list for PBXNativeTarget "SCS hackathonTests" */;
			buildPhases = (
				249C95E720C7D8CFA7C75C00 /* [CP] Check Pods Manifest.lock */,
				321E526921A97B8F00D20D51 /* Sources */,
				321E526A21A97B8F00D20D51 /* Frameworks */,
				321E526B21A97B8F00D20D51 /* Resources */,
			);
			buildRules = (
			);
			dependencies = (
				321E526F21A97B8F00D20D51 /* PBXTargetDependency */,
			);
			name = "SCS hackathonTests";
			productName = "SCS hackathonTests";
			productReference = 321E526D21A97B8F00D20D51 /* SCS hackathonTests.xctest */;
			productType = "com.apple.product-type.bundle.unit-test";
		};
		321E527721A97B8F00D20D51 /* SCS hackathonUITests */ = {
			isa = PBXNativeTarget;
			buildConfigurationList = 321E528721A97B8F00D20D51 /* Build configuration list for PBXNativeTarget "SCS hackathonUITests" */;
			buildPhases = (
				A0716480A52FEA3238CC091A /* [CP] Check Pods Manifest.lock */,
				321E527421A97B8F00D20D51 /* Sources */,
				321E527521A97B8F00D20D51 /* Frameworks */,
				321E527621A97B8F00D20D51 /* Resources */,
			);
			buildRules = (
			);
			dependencies = (
				321E527A21A97B8F00D20D51 /* PBXTargetDependency */,
			);
			name = "SCS hackathonUITests";
			productName = "SCS hackathonUITests";
			productReference = 321E527821A97B8F00D20D51 /* SCS hackathonUITests.xctest */;
			productType = "com.apple.product-type.bundle.ui-testing";
		};
/* End PBXNativeTarget section */

/* Begin PBXProject section */
		321E524F21A97B8600D20D51 /* Project object */ = {
			isa = PBXProject;
			attributes = {
				LastSwiftUpdateCheck = 1010;
				LastUpgradeCheck = 1010;
				ORGANIZATIONNAME = "SST Inc";
				TargetAttributes = {
					321E525621A97B8600D20D51 = {
						CreatedOnToolsVersion = 10.1;
					};
					321E526C21A97B8F00D20D51 = {
						CreatedOnToolsVersion = 10.1;
						TestTargetID = 321E525621A97B8600D20D51;
					};
					321E527721A97B8F00D20D51 = {
						CreatedOnToolsVersion = 10.1;
						TestTargetID = 321E525621A97B8600D20D51;
					};
				};
			};
			buildConfigurationList = 321E525221A97B8600D20D51 /* Build configuration list for PBXProject "SCS hackathon" */;
			compatibilityVersion = "Xcode 9.3";
			developmentRegion = en;
			hasScannedForEncodings = 0;
			knownRegions = (
				en,
				Base,
			);
			mainGroup = 321E524E21A97B8600D20D51;
			productRefGroup = 321E525821A97B8600D20D51 /* Products */;
			projectDirPath = "";
			projectRoot = "";
			targets = (
				321E525621A97B8600D20D51 /* SCS hackathon */,
				321E526C21A97B8F00D20D51 /* SCS hackathonTests */,
				321E527721A97B8F00D20D51 /* SCS hackathonUITests */,
			);
		};
/* End PBXProject section */

/* Begin PBXResourcesBuildPhase section */
		321E525521A97B8600D20D51 /* Resources */ = {
			isa = PBXResourcesBuildPhase;
			buildActionMask = 2147483647;
			files = (
				321E525D21A97B8600D20D51 /* art.scnassets in Resources */,
				32567F6321B24A48007CCCFE /* IMG_2858.HEIC in Resources */,
				32567F5921B24A48007CCCFE /* IMG_2859.HEIC in Resources */,
				321E526721A97B8E00D20D51 /* LaunchScreen.storyboard in Resources */,
				32567F6921B26765007CCCFE /* mapp.png in Resources */,
				32567F5521B24A48007CCCFE /* IMG_2863.HEIC in Resources */,
				32567F5A21B24A48007CCCFE /* IMG_1502.HEIC in Resources */,
				32567F6721B266E2007CCCFE /* map.sks in Resources */,
				32567F6221B24A48007CCCFE /* IMG_2852.HEIC in Resources */,
				32F8009D21B0ECE500E9C5AE /* Menu.storyboard in Resources */,
				32567F5621B24A48007CCCFE /* IMG_2855.HEIC in Resources */,
				32567F5321B24A48007CCCFE /* IMG_2857.HEIC in Resources */,
				32567F5721B24A48007CCCFE /* IMG_4621.HEIC in Resources */,
				32F8009921AFC27E00E9C5AE /* menu_hamburger.json in Resources */,
				32567F5821B24A48007CCCFE /* IMG_7706.HEIC in Resources */,
				32567F5F21B24A48007CCCFE /* IMG_2850.HEIC in Resources */,
				32567F5C21B24A48007CCCFE /* IMG_2853.HEIC in Resources */,
				32567F6121B24A48007CCCFE /* IMG_2861.HEIC in Resources */,
				32567F5421B24A48007CCCFE /* IMG_2860.HEIC in Resources */,
				32567F5221B24A48007CCCFE /* IMG_5817.HEIC in Resources */,
				32567F4F21B24A48007CCCFE /* IMG_2856.HEIC in Resources */,
				321E526221A97B8700D20D51 /* Main.storyboard in Resources */,
				32567F5121B24A48007CCCFE /* IMG_2851.HEIC in Resources */,
				32567F5D21B24A48007CCCFE /* IMG_2862.HEIC in Resources */,
				426FEBA421B28BE5002F8797 /* Assets.xcassets in Resources */,
				32567F5B21B24A48007CCCFE /* IMG_2848.HEIC in Resources */,
				32567F5021B24A48007CCCFE /* IMG_2854.HEIC in Resources */,
				32567F5E21B24A48007CCCFE /* IMG_8904.HEIC in Resources */,
				32567F6021B24A48007CCCFE /* IMG_2487.HEIC in Resources */,
				3242F25B21B19CA1004FE215 /* Navigation.storyboard in Resources */,
				3299855A21B1BBA9009A045E /* aureliusStickers.004.png in Resources */,
			);
			runOnlyForDeploymentPostprocessing = 0;
		};
		321E526B21A97B8F00D20D51 /* Resources */ = {
			isa = PBXResourcesBuildPhase;
			buildActionMask = 2147483647;
			files = (
			);
			runOnlyForDeploymentPostprocessing = 0;
		};
		321E527621A97B8F00D20D51 /* Resources */ = {
			isa = PBXResourcesBuildPhase;
			buildActionMask = 2147483647;
			files = (
			);
			runOnlyForDeploymentPostprocessing = 0;
		};
/* End PBXResourcesBuildPhase section */

/* Begin PBXShellScriptBuildPhase section */
		19B80BD4E9316F71B5058DD3 /* [CP] Check Pods Manifest.lock */ = {
			isa = PBXShellScriptBuildPhase;
			buildActionMask = 2147483647;
			files = (
			);
			inputPaths = (
				"${PODS_PODFILE_DIR_PATH}/Podfile.lock",
				"${PODS_ROOT}/Manifest.lock",
			);
			name = "[CP] Check Pods Manifest.lock";
			outputPaths = (
				"$(DERIVED_FILE_DIR)/Pods-SCS hackathon-checkManifestLockResult.txt",
			);
			runOnlyForDeploymentPostprocessing = 0;
			shellPath = /bin/sh;
			shellScript = "diff \"${PODS_PODFILE_DIR_PATH}/Podfile.lock\" \"${PODS_ROOT}/Manifest.lock\" > /dev/null\nif [ $? != 0 ] ; then\n    # print error to STDERR\n    echo \"error: The sandbox is not in sync with the Podfile.lock. Run 'pod install' or update your CocoaPods installation.\" >&2\n    exit 1\nfi\n# This output is used by Xcode 'outputs' to avoid re-running this script phase.\necho \"SUCCESS\" > \"${SCRIPT_OUTPUT_FILE_0}\"\n";
			showEnvVarsInLog = 0;
		};
		249C95E720C7D8CFA7C75C00 /* [CP] Check Pods Manifest.lock */ = {
			isa = PBXShellScriptBuildPhase;
			buildActionMask = 2147483647;
			files = (
			);
			inputPaths = (
				"${PODS_PODFILE_DIR_PATH}/Podfile.lock",
				"${PODS_ROOT}/Manifest.lock",
			);
			name = "[CP] Check Pods Manifest.lock";
			outputPaths = (
				"$(DERIVED_FILE_DIR)/Pods-SCS hackathonTests-checkManifestLockResult.txt",
			);
			runOnlyForDeploymentPostprocessing = 0;
			shellPath = /bin/sh;
			shellScript = "diff \"${PODS_PODFILE_DIR_PATH}/Podfile.lock\" \"${PODS_ROOT}/Manifest.lock\" > /dev/null\nif [ $? != 0 ] ; then\n    # print error to STDERR\n    echo \"error: The sandbox is not in sync with the Podfile.lock. Run 'pod install' or update your CocoaPods installation.\" >&2\n    exit 1\nfi\n# This output is used by Xcode 'outputs' to avoid re-running this script phase.\necho \"SUCCESS\" > \"${SCRIPT_OUTPUT_FILE_0}\"\n";
			showEnvVarsInLog = 0;
		};
		A0716480A52FEA3238CC091A /* [CP] Check Pods Manifest.lock */ = {
			isa = PBXShellScriptBuildPhase;
			buildActionMask = 2147483647;
			files = (
			);
			inputPaths = (
				"${PODS_PODFILE_DIR_PATH}/Podfile.lock",
				"${PODS_ROOT}/Manifest.lock",
			);
			name = "[CP] Check Pods Manifest.lock";
			outputPaths = (
				"$(DERIVED_FILE_DIR)/Pods-SCS hackathonUITests-checkManifestLockResult.txt",
			);
			runOnlyForDeploymentPostprocessing = 0;
			shellPath = /bin/sh;
			shellScript = "diff \"${PODS_PODFILE_DIR_PATH}/Podfile.lock\" \"${PODS_ROOT}/Manifest.lock\" > /dev/null\nif [ $? != 0 ] ; then\n    # print error to STDERR\n    echo \"error: The sandbox is not in sync with the Podfile.lock. Run 'pod install' or update your CocoaPods installation.\" >&2\n    exit 1\nfi\n# This output is used by Xcode 'outputs' to avoid re-running this script phase.\necho \"SUCCESS\" > \"${SCRIPT_OUTPUT_FILE_0}\"\n";
			showEnvVarsInLog = 0;
		};
		DAF0FBD312D669702E109661 /* [CP] Embed Pods Frameworks */ = {
			isa = PBXShellScriptBuildPhase;
			buildActionMask = 2147483647;
			files = (
			);
			inputPaths = (
				"${SRCROOT}/Pods/Target Support Files/Pods-SCS hackathon/Pods-SCS hackathon-frameworks.sh",
				"${BUILT_PRODUCTS_DIR}/ARCL/ARCL.framework",
				"${BUILT_PRODUCTS_DIR}/lottie-ios/Lottie.framework",
			);
			name = "[CP] Embed Pods Frameworks";
			outputPaths = (
				"${TARGET_BUILD_DIR}/${FRAMEWORKS_FOLDER_PATH}/ARCL.framework",
				"${TARGET_BUILD_DIR}/${FRAMEWORKS_FOLDER_PATH}/Lottie.framework",
			);
			runOnlyForDeploymentPostprocessing = 0;
			shellPath = /bin/sh;
			shellScript = "\"${SRCROOT}/Pods/Target Support Files/Pods-SCS hackathon/Pods-SCS hackathon-frameworks.sh\"\n";
			showEnvVarsInLog = 0;
		};
/* End PBXShellScriptBuildPhase section */

/* Begin PBXSourcesBuildPhase section */
		321E525321A97B8600D20D51 /* Sources */ = {
			isa = PBXSourcesBuildPhase;
			buildActionMask = 2147483647;
			files = (
				3299855621B1ACEA009A045E /* Data.swift in Sources */,
				321E525F21A97B8700D20D51 /* ARViewController.swift in Sources */,
				32F8009F21B0EF1F00E9C5AE /* MenuViewController.swift in Sources */,
				321E525B21A97B8600D20D51 /* AppDelegate.swift in Sources */,
				3299855821B1B90D009A045E /* ExhibitsCollectionViewCell.swift in Sources */,
				32F8009B21AFCB5E00E9C5AE /* TriangleView.swift in Sources */,
				3299855421B1A53F009A045E /* NavigationView.swift in Sources */,
				323F633121AFBBFD00EC7854 /* HomeViewController.swift in Sources */,
			);
			runOnlyForDeploymentPostprocessing = 0;
		};
		321E526921A97B8F00D20D51 /* Sources */ = {
			isa = PBXSourcesBuildPhase;
			buildActionMask = 2147483647;
			files = (
				321E527221A97B8F00D20D51 /* SCS_hackathonTests.swift in Sources */,
			);
			runOnlyForDeploymentPostprocessing = 0;
		};
		321E527421A97B8F00D20D51 /* Sources */ = {
			isa = PBXSourcesBuildPhase;
			buildActionMask = 2147483647;
			files = (
				321E527D21A97B8F00D20D51 /* SCS_hackathonUITests.swift in Sources */,
			);
			runOnlyForDeploymentPostprocessing = 0;
		};
/* End PBXSourcesBuildPhase section */

/* Begin PBXTargetDependency section */
		321E526F21A97B8F00D20D51 /* PBXTargetDependency */ = {
			isa = PBXTargetDependency;
			target = 321E525621A97B8600D20D51 /* SCS hackathon */;
			targetProxy = 321E526E21A97B8F00D20D51 /* PBXContainerItemProxy */;
		};
		321E527A21A97B8F00D20D51 /* PBXTargetDependency */ = {
			isa = PBXTargetDependency;
			target = 321E525621A97B8600D20D51 /* SCS hackathon */;
			targetProxy = 321E527921A97B8F00D20D51 /* PBXContainerItemProxy */;
		};
/* End PBXTargetDependency section */

/* Begin PBXVariantGroup section */
		321E526021A97B8700D20D51 /* Main.storyboard */ = {
			isa = PBXVariantGroup;
			children = (
				321E526121A97B8700D20D51 /* Base */,
			);
			name = Main.storyboard;
			sourceTree = "<group>";
		};
		321E526521A97B8E00D20D51 /* LaunchScreen.storyboard */ = {
			isa = PBXVariantGroup;
			children = (
				321E526621A97B8E00D20D51 /* Base */,
			);
			name = LaunchScreen.storyboard;
			sourceTree = "<group>";
		};
/* End PBXVariantGroup section */

/* Begin XCBuildConfiguration section */
		321E527F21A97B8F00D20D51 /* Debug */ = {
			isa = XCBuildConfiguration;
			buildSettings = {
				ALWAYS_SEARCH_USER_PATHS = NO;
				CLANG_ANALYZER_NONNULL = YES;
				CLANG_ANALYZER_NUMBER_OBJECT_CONVERSION = YES_AGGRESSIVE;
				CLANG_CXX_LANGUAGE_STANDARD = "gnu++14";
				CLANG_CXX_LIBRARY = "libc++";
				CLANG_ENABLE_MODULES = YES;
				CLANG_ENABLE_OBJC_ARC = YES;
				CLANG_ENABLE_OBJC_WEAK = YES;
				CLANG_WARN_BLOCK_CAPTURE_AUTORELEASING = YES;
				CLANG_WARN_BOOL_CONVERSION = YES;
				CLANG_WARN_COMMA = YES;
				CLANG_WARN_CONSTANT_CONVERSION = YES;
				CLANG_WARN_DEPRECATED_OBJC_IMPLEMENTATIONS = YES;
				CLANG_WARN_DIRECT_OBJC_ISA_USAGE = YES_ERROR;
				CLANG_WARN_DOCUMENTATION_COMMENTS = YES;
				CLANG_WARN_EMPTY_BODY = YES;
				CLANG_WARN_ENUM_CONVERSION = YES;
				CLANG_WARN_INFINITE_RECURSION = YES;
				CLANG_WARN_INT_CONVERSION = YES;
				CLANG_WARN_NON_LITERAL_NULL_CONVERSION = YES;
				CLANG_WARN_OBJC_IMPLICIT_RETAIN_SELF = YES;
				CLANG_WARN_OBJC_LITERAL_CONVERSION = YES;
				CLANG_WARN_OBJC_ROOT_CLASS = YES_ERROR;
				CLANG_WARN_RANGE_LOOP_ANALYSIS = YES;
				CLANG_WARN_STRICT_PROTOTYPES = YES;
				CLANG_WARN_SUSPICIOUS_MOVE = YES;
				CLANG_WARN_UNGUARDED_AVAILABILITY = YES_AGGRESSIVE;
				CLANG_WARN_UNREACHABLE_CODE = YES;
				CLANG_WARN__DUPLICATE_METHOD_MATCH = YES;
				CODE_SIGN_IDENTITY = "iPhone Developer";
				COPY_PHASE_STRIP = NO;
				DEBUG_INFORMATION_FORMAT = dwarf;
				ENABLE_STRICT_OBJC_MSGSEND = YES;
				ENABLE_TESTABILITY = YES;
				GCC_C_LANGUAGE_STANDARD = gnu11;
				GCC_DYNAMIC_NO_PIC = NO;
				GCC_NO_COMMON_BLOCKS = YES;
				GCC_OPTIMIZATION_LEVEL = 0;
				GCC_PREPROCESSOR_DEFINITIONS = (
					"DEBUG=1",
					"$(inherited)",
				);
				GCC_WARN_64_TO_32_BIT_CONVERSION = YES;
				GCC_WARN_ABOUT_RETURN_TYPE = YES_ERROR;
				GCC_WARN_UNDECLARED_SELECTOR = YES;
				GCC_WARN_UNINITIALIZED_AUTOS = YES_AGGRESSIVE;
				GCC_WARN_UNUSED_FUNCTION = YES;
				GCC_WARN_UNUSED_VARIABLE = YES;
				IPHONEOS_DEPLOYMENT_TARGET = 12.1;
				MTL_ENABLE_DEBUG_INFO = INCLUDE_SOURCE;
				MTL_FAST_MATH = YES;
				ONLY_ACTIVE_ARCH = YES;
				SDKROOT = iphoneos;
				SWIFT_ACTIVE_COMPILATION_CONDITIONS = DEBUG;
				SWIFT_OPTIMIZATION_LEVEL = "-Onone";
			};
			name = Debug;
		};
		321E528021A97B8F00D20D51 /* Release */ = {
			isa = XCBuildConfiguration;
			buildSettings = {
				ALWAYS_SEARCH_USER_PATHS = NO;
				CLANG_ANALYZER_NONNULL = YES;
				CLANG_ANALYZER_NUMBER_OBJECT_CONVERSION = YES_AGGRESSIVE;
				CLANG_CXX_LANGUAGE_STANDARD = "gnu++14";
				CLANG_CXX_LIBRARY = "libc++";
				CLANG_ENABLE_MODULES = YES;
				CLANG_ENABLE_OBJC_ARC = YES;
				CLANG_ENABLE_OBJC_WEAK = YES;
				CLANG_WARN_BLOCK_CAPTURE_AUTORELEASING = YES;
				CLANG_WARN_BOOL_CONVERSION = YES;
				CLANG_WARN_COMMA = YES;
				CLANG_WARN_CONSTANT_CONVERSION = YES;
				CLANG_WARN_DEPRECATED_OBJC_IMPLEMENTATIONS = YES;
				CLANG_WARN_DIRECT_OBJC_ISA_USAGE = YES_ERROR;
				CLANG_WARN_DOCUMENTATION_COMMENTS = YES;
				CLANG_WARN_EMPTY_BODY = YES;
				CLANG_WARN_ENUM_CONVERSION = YES;
				CLANG_WARN_INFINITE_RECURSION = YES;
				CLANG_WARN_INT_CONVERSION = YES;
				CLANG_WARN_NON_LITERAL_NULL_CONVERSION = YES;
				CLANG_WARN_OBJC_IMPLICIT_RETAIN_SELF = YES;
				CLANG_WARN_OBJC_LITERAL_CONVERSION = YES;
				CLANG_WARN_OBJC_ROOT_CLASS = YES_ERROR;
				CLANG_WARN_RANGE_LOOP_ANALYSIS = YES;
				CLANG_WARN_STRICT_PROTOTYPES = YES;
				CLANG_WARN_SUSPICIOUS_MOVE = YES;
				CLANG_WARN_UNGUARDED_AVAILABILITY = YES_AGGRESSIVE;
				CLANG_WARN_UNREACHABLE_CODE = YES;
				CLANG_WARN__DUPLICATE_METHOD_MATCH = YES;
				CODE_SIGN_IDENTITY = "iPhone Developer";
				COPY_PHASE_STRIP = NO;
				DEBUG_INFORMATION_FORMAT = "dwarf-with-dsym";
				ENABLE_NS_ASSERTIONS = NO;
				ENABLE_STRICT_OBJC_MSGSEND = YES;
				GCC_C_LANGUAGE_STANDARD = gnu11;
				GCC_NO_COMMON_BLOCKS = YES;
				GCC_WARN_64_TO_32_BIT_CONVERSION = YES;
				GCC_WARN_ABOUT_RETURN_TYPE = YES_ERROR;
				GCC_WARN_UNDECLARED_SELECTOR = YES;
				GCC_WARN_UNINITIALIZED_AUTOS = YES_AGGRESSIVE;
				GCC_WARN_UNUSED_FUNCTION = YES;
				GCC_WARN_UNUSED_VARIABLE = YES;
				IPHONEOS_DEPLOYMENT_TARGET = 12.1;
				MTL_ENABLE_DEBUG_INFO = NO;
				MTL_FAST_MATH = YES;
				SDKROOT = iphoneos;
				SWIFT_COMPILATION_MODE = wholemodule;
				SWIFT_OPTIMIZATION_LEVEL = "-O";
				VALIDATE_PRODUCT = YES;
			};
			name = Release;
		};
		321E528221A97B8F00D20D51 /* Debug */ = {
			isa = XCBuildConfiguration;
			baseConfigurationReference = 4A19E68FF84B004E6C7D8214 /* Pods-SCS hackathon.debug.xcconfig */;
			buildSettings = {
				ASSETCATALOG_COMPILER_APPICON_NAME = AppIcon;
				CODE_SIGN_STYLE = Automatic;
				DEVELOPMENT_TEAM = 7K6ZTDFM48;
				INFOPLIST_FILE = "$(SRCROOT)/SCS hackathon/Supporting Files/Info.plist";
				IPHONEOS_DEPLOYMENT_TARGET = 11.4;
				LD_RUNPATH_SEARCH_PATHS = (
					"$(inherited)",
					"@executable_path/Frameworks",
				);
				PRODUCT_BUNDLE_IDENTIFIER = "org.sstinc.SCS-hackathon";
				PRODUCT_NAME = "$(TARGET_NAME)";
				SWIFT_VERSION = 4.2;
				TARGETED_DEVICE_FAMILY = "1,2";
			};
			name = Debug;
		};
		321E528321A97B8F00D20D51 /* Release */ = {
			isa = XCBuildConfiguration;
			baseConfigurationReference = 9A09910851061ADDCE5295C8 /* Pods-SCS hackathon.release.xcconfig */;
			buildSettings = {
				ASSETCATALOG_COMPILER_APPICON_NAME = AppIcon;
				CODE_SIGN_STYLE = Automatic;
				DEVELOPMENT_TEAM = 7K6ZTDFM48;
				INFOPLIST_FILE = "$(SRCROOT)/SCS hackathon/Supporting Files/Info.plist";
				IPHONEOS_DEPLOYMENT_TARGET = 11.4;
				LD_RUNPATH_SEARCH_PATHS = (
					"$(inherited)",
					"@executable_path/Frameworks",
				);
				PRODUCT_BUNDLE_IDENTIFIER = "org.sstinc.SCS-hackathon";
				PRODUCT_NAME = "$(TARGET_NAME)";
				SWIFT_VERSION = 4.2;
				TARGETED_DEVICE_FAMILY = "1,2";
			};
			name = Release;
		};
		321E528521A97B8F00D20D51 /* Debug */ = {
			isa = XCBuildConfiguration;
			baseConfigurationReference = 332E36BE5204B692D86781A7 /* Pods-SCS hackathonTests.debug.xcconfig */;
			buildSettings = {
				ALWAYS_EMBED_SWIFT_STANDARD_LIBRARIES = YES;
				BUNDLE_LOADER = "$(TEST_HOST)";
				CODE_SIGN_STYLE = Automatic;
				DEVELOPMENT_TEAM = 7K6ZTDFM48;
				INFOPLIST_FILE = "SCS hackathonTests/Info.plist";
				LD_RUNPATH_SEARCH_PATHS = (
					"$(inherited)",
					"@executable_path/Frameworks",
					"@loader_path/Frameworks",
				);
				PRODUCT_BUNDLE_IDENTIFIER = "org.sstinc.SCS-hackathonTests";
				PRODUCT_NAME = "$(TARGET_NAME)";
				SWIFT_VERSION = 4.2;
				TARGETED_DEVICE_FAMILY = "1,2";
				TEST_HOST = "$(BUILT_PRODUCTS_DIR)/SCS hackathon.app/SCS hackathon";
			};
			name = Debug;
		};
		321E528621A97B8F00D20D51 /* Release */ = {
			isa = XCBuildConfiguration;
			baseConfigurationReference = 8AEF75CBF238F00A3A94A41B /* Pods-SCS hackathonTests.release.xcconfig */;
			buildSettings = {
				ALWAYS_EMBED_SWIFT_STANDARD_LIBRARIES = YES;
				BUNDLE_LOADER = "$(TEST_HOST)";
				CODE_SIGN_STYLE = Automatic;
				DEVELOPMENT_TEAM = 7K6ZTDFM48;
				INFOPLIST_FILE = "SCS hackathonTests/Info.plist";
				LD_RUNPATH_SEARCH_PATHS = (
					"$(inherited)",
					"@executable_path/Frameworks",
					"@loader_path/Frameworks",
				);
				PRODUCT_BUNDLE_IDENTIFIER = "org.sstinc.SCS-hackathonTests";
				PRODUCT_NAME = "$(TARGET_NAME)";
				SWIFT_VERSION = 4.2;
				TARGETED_DEVICE_FAMILY = "1,2";
				TEST_HOST = "$(BUILT_PRODUCTS_DIR)/SCS hackathon.app/SCS hackathon";
			};
			name = Release;
		};
		321E528821A97B8F00D20D51 /* Debug */ = {
			isa = XCBuildConfiguration;
			baseConfigurationReference = 6F038815D4C6AE01F82FF8AA /* Pods-SCS hackathonUITests.debug.xcconfig */;
			buildSettings = {
				ALWAYS_EMBED_SWIFT_STANDARD_LIBRARIES = YES;
				CODE_SIGN_STYLE = Automatic;
				DEVELOPMENT_TEAM = 7K6ZTDFM48;
				INFOPLIST_FILE = "SCS hackathonUITests/Info.plist";
				LD_RUNPATH_SEARCH_PATHS = (
					"$(inherited)",
					"@executable_path/Frameworks",
					"@loader_path/Frameworks",
				);
				PRODUCT_BUNDLE_IDENTIFIER = "org.sstinc.SCS-hackathonUITests";
				PRODUCT_NAME = "$(TARGET_NAME)";
				SWIFT_VERSION = 4.2;
				TARGETED_DEVICE_FAMILY = "1,2";
				TEST_TARGET_NAME = "SCS hackathon";
			};
			name = Debug;
		};
		321E528921A97B8F00D20D51 /* Release */ = {
			isa = XCBuildConfiguration;
			baseConfigurationReference = AD232C0A5352A6AA3DD0680C /* Pods-SCS hackathonUITests.release.xcconfig */;
			buildSettings = {
				ALWAYS_EMBED_SWIFT_STANDARD_LIBRARIES = YES;
				CODE_SIGN_STYLE = Automatic;
				DEVELOPMENT_TEAM = 7K6ZTDFM48;
				INFOPLIST_FILE = "SCS hackathonUITests/Info.plist";
				LD_RUNPATH_SEARCH_PATHS = (
					"$(inherited)",
					"@executable_path/Frameworks",
					"@loader_path/Frameworks",
				);
				PRODUCT_BUNDLE_IDENTIFIER = "org.sstinc.SCS-hackathonUITests";
				PRODUCT_NAME = "$(TARGET_NAME)";
				SWIFT_VERSION = 4.2;
				TARGETED_DEVICE_FAMILY = "1,2";
				TEST_TARGET_NAME = "SCS hackathon";
			};
			name = Release;
		};
/* End XCBuildConfiguration section */

/* Begin XCConfigurationList section */
		321E525221A97B8600D20D51 /* Build configuration list for PBXProject "SCS hackathon" */ = {
			isa = XCConfigurationList;
			buildConfigurations = (
				321E527F21A97B8F00D20D51 /* Debug */,
				321E528021A97B8F00D20D51 /* Release */,
			);
			defaultConfigurationIsVisible = 0;
			defaultConfigurationName = Release;
		};
		321E528121A97B8F00D20D51 /* Build configuration list for PBXNativeTarget "SCS hackathon" */ = {
			isa = XCConfigurationList;
			buildConfigurations = (
				321E528221A97B8F00D20D51 /* Debug */,
				321E528321A97B8F00D20D51 /* Release */,
			);
			defaultConfigurationIsVisible = 0;
			defaultConfigurationName = Release;
		};
		321E528421A97B8F00D20D51 /* Build configuration list for PBXNativeTarget "SCS hackathonTests" */ = {
			isa = XCConfigurationList;
			buildConfigurations = (
				321E528521A97B8F00D20D51 /* Debug */,
				321E528621A97B8F00D20D51 /* Release */,
			);
			defaultConfigurationIsVisible = 0;
			defaultConfigurationName = Release;
		};
		321E528721A97B8F00D20D51 /* Build configuration list for PBXNativeTarget "SCS hackathonUITests" */ = {
			isa = XCConfigurationList;
			buildConfigurations = (
				321E528821A97B8F00D20D51 /* Debug */,
				321E528921A97B8F00D20D51 /* Release */,
			);
			defaultConfigurationIsVisible = 0;
			defaultConfigurationName = Release;
		};
/* End XCConfigurationList section */
	};
	rootObject = 321E524F21A97B8600D20D51 /* Project object */;
}
