// !$*UTF8*$!
{
	archiveVersion = 1;
	classes = {
	};
	objectVersion = 50;
	objects = {

/* Begin PBXBuildFile section */
		321E525B21A97B8600D20D51 /* AppDelegate.swift in Sources */ = {isa = PBXBuildFile; fileRef = 321E525A21A97B8600D20D51 /* AppDelegate.swift */; };
		321E525D21A97B8600D20D51 /* art.scnassets in Resources */ = {isa = PBXBuildFile; fileRef = 321E525C21A97B8600D20D51 /* art.scnassets */; };
		321E525F21A97B8700D20D51 /* ViewController.swift in Sources */ = {isa = PBXBuildFile; fileRef = 321E525E21A97B8700D20D51 /* ViewController.swift */; };
		321E526221A97B8700D20D51 /* Main.storyboard in Resources */ = {isa = PBXBuildFile; fileRef = 321E526021A97B8700D20D51 /* Main.storyboard */; };
		321E526421A97B8E00D20D51 /* Assets.xcassets in Resources */ = {isa = PBXBuildFile; fileRef = 321E526321A97B8E00D20D51 /* Assets.xcassets */; };
		321E526721A97B8E00D20D51 /* LaunchScreen.storyboard in Resources */ = {isa = PBXBuildFile; fileRef = 321E526521A97B8E00D20D51 /* LaunchScreen.storyboard */; };
		321E527221A97B8F00D20D51 /* SCS_hackathonTests.swift in Sources */ = {isa = PBXBuildFile; fileRef = 321E527121A97B8F00D20D51 /* SCS_hackathonTests.swift */; };
		321E527D21A97B8F00D20D51 /* SCS_hackathonUITests.swift in Sources */ = {isa = PBXBuildFile; fileRef = 321E527C21A97B8F00D20D51 /* SCS_hackathonUITests.swift */; };
		323F633121AFBBFD00EC7854 /* HomeViewController.swift in Sources */ = {isa = PBXBuildFile; fileRef = 323F633021AFBBFD00EC7854 /* HomeViewController.swift */; };
/* End PBXBuildFile section */

/* Begin PBXContainerItemProxy section */
		321E526E21A97B8F00D20D51 /* PBXContainerItemProxy */ = {
			isa = PBXContainerItemProxy;
			containerPortal = 321E524F21A97B8600D20D51 /* Project object */;
			proxyType = 1;
			remoteGlobalIDString = 321E525621A97B8600D20D51;
			remoteInfo = "SCS hackathon";
		};
		321E527921A97B8F00D20D51 /* PBXContainerItemProxy */ = {
			isa = PBXContainerItemProxy;
			containerPortal = 321E524F21A97B8600D20D51 /* Project object */;
			proxyType = 1;
			remoteGlobalIDString = 321E525621A97B8600D20D51;
			remoteInfo = "SCS hackathon";
		};
/* End PBXContainerItemProxy section */

/* Begin PBXFileReference section */
		321E525721A97B8600D20D51 /* SCS hackathon.app */ = {isa = PBXFileReference; explicitFileType = wrapper.application; includeInIndex = 0; path = "SCS hackathon.app"; sourceTree = BUILT_PRODUCTS_DIR; };
		321E525A21A97B8600D20D51 /* AppDelegate.swift */ = {isa = PBXFileReference; lastKnownFileType = sourcecode.swift; path = AppDelegate.swift; sourceTree = "<group>"; };
		321E525C21A97B8600D20D51 /* art.scnassets */ = {isa = PBXFileReference; lastKnownFileType = wrapper.scnassets; path = art.scnassets; sourceTree = "<group>"; };
		321E525E21A97B8700D20D51 /* ViewController.swift */ = {isa = PBXFileReference; lastKnownFileType = sourcecode.swift; path = ViewController.swift; sourceTree = "<group>"; };
		321E526121A97B8700D20D51 /* Base */ = {isa = PBXFileReference; lastKnownFileType = file.storyboard; name = Base; path = Base.lproj/Main.storyboard; sourceTree = "<group>"; };
		321E526321A97B8E00D20D51 /* Assets.xcassets */ = {isa = PBXFileReference; lastKnownFileType = folder.assetcatalog; path = Assets.xcassets; sourceTree = "<group>"; };
		321E526621A97B8E00D20D51 /* Base */ = {isa = PBXFileReference; lastKnownFileType = file.storyboard; name = Base; path = Base.lproj/LaunchScreen.storyboard; sourceTree = "<group>"; };
		321E526821A97B8E00D20D51 /* Info.plist */ = {isa = PBXFileReference; lastKnownFileType = text.plist.xml; path = Info.plist; sourceTree = "<group>"; };
		321E526D21A97B8F00D20D51 /* SCS hackathonTests.xctest */ = {isa = PBXFileReference; explicitFileType = wrapper.cfbundle; includeInIndex = 0; path = "SCS hackathonTests.xctest"; sourceTree = BUILT_PRODUCTS_DIR; };
		321E527121A97B8F00D20D51 /* SCS_hackathonTests.swift */ = {isa = PBXFileReference; lastKnownFileType = sourcecode.swift; path = SCS_hackathonTests.swift; sourceTree = "<group>"; };
		321E527321A97B8F00D20D51 /* Info.plist */ = {isa = PBXFileReference; lastKnownFileType = text.plist.xml; path = Info.plist; sourceTree = "<group>"; };
		321E527821A97B8F00D20D51 /* SCS hackathonUITests.xctest */ = {isa = PBXFileReference; explicitFileType = wrapper.cfbundle; includeInIndex = 0; path = "SCS hackathonUITests.xctest"; sourceTree = BUILT_PRODUCTS_DIR; };
		321E527C21A97B8F00D20D51 /* SCS_hackathonUITests.swift */ = {isa = PBXFileReference; lastKnownFileType = sourcecode.swift; path = SCS_hackathonUITests.swift; sourceTree = "<group>"; };
		321E527E21A97B8F00D20D51 /* Info.plist */ = {isa = PBXFileReference; lastKnownFileType = text.plist.xml; path = Info.plist; sourceTree = "<group>"; };
		323F633021AFBBFD00EC7854 /* HomeViewController.swift */ = {isa = PBXFileReference; lastKnownFileType = sourcecode.swift; path = HomeViewController.swift; sourceTree = "<group>"; };
/* End PBXFileReference section */

/* Begin PBXFrameworksBuildPhase section */
		321E525421A97B8600D20D51 /* Frameworks */ = {
			isa = PBXFrameworksBuildPhase;
			buildActionMask = 2147483647;
			files = (
			);
			runOnlyForDeploymentPostprocessing = 0;
		};
		321E526A21A97B8F00D20D51 /* Frameworks */ = {
			isa = PBXFrameworksBuildPhase;
			buildActionMask = 2147483647;
			files = (
			);
			runOnlyForDeploymentPostprocessing = 0;
		};
		321E527521A97B8F00D20D51 /* Frameworks */ = {
			isa = PBXFrameworksBuildPhase;
			buildActionMask = 2147483647;
			files = (
			);
			runOnlyForDeploymentPostprocessing = 0;
		};
/* End PBXFrameworksBuildPhase section */

/* Begin PBXGroup section */
		321E524E21A97B8600D20D51 = {
			isa = PBXGroup;
			children = (
				321E525921A97B8600D20D51 /* SCS hackathon */,
				321E527021A97B8F00D20D51 /* SCS hackathonTests */,
				321E527B21A97B8F00D20D51 /* SCS hackathonUITests */,
				321E525821A97B8600D20D51 /* Products */,
			);
			sourceTree = "<group>";
		};
		321E525821A97B8600D20D51 /* Products */ = {
			isa = PBXGroup;
			children = (
				321E525721A97B8600D20D51 /* SCS hackathon.app */,
				321E526D21A97B8F00D20D51 /* SCS hackathonTests.xctest */,
				321E527821A97B8F00D20D51 /* SCS hackathonUITests.xctest */,
			);
			name = Products;
			sourceTree = "<group>";
		};
		321E525921A97B8600D20D51 /* SCS hackathon */ = {
			isa = PBXGroup;
			children = (
				321E525A21A97B8600D20D51 /* AppDelegate.swift */,
				321E525C21A97B8600D20D51 /* art.scnassets */,
				321E525E21A97B8700D20D51 /* ViewController.swift */,
				321E526021A97B8700D20D51 /* Main.storyboard */,
				323F633021AFBBFD00EC7854 /* HomeViewController.swift */,
				321E526321A97B8E00D20D51 /* Assets.xcassets */,
				321E526521A97B8E00D20D51 /* LaunchScreen.storyboard */,
				321E526821A97B8E00D20D51 /* Info.plist */,
			);
			path = "SCS hackathon";
			sourceTree = "<group>";
		};
		321E527021A97B8F00D20D51 /* SCS hackathonTests */ = {
			isa = PBXGroup;
			children = (
				321E527121A97B8F00D20D51 /* SCS_hackathonTests.swift */,
				321E527321A97B8F00D20D51 /* Info.plist */,
			);
			path = "SCS hackathonTests";
			sourceTree = "<group>";
		};
		321E527B21A97B8F00D20D51 /* SCS hackathonUITests */ = {
			isa = PBXGroup;
			children = (
				321E527C21A97B8F00D20D51 /* SCS_hackathonUITests.swift */,
				321E527E21A97B8F00D20D51 /* Info.plist */,
			);
			path = "SCS hackathonUITests";
			sourceTree = "<group>";
		};
/* End PBXGroup section */

/* Begin PBXNativeTarget section */
		321E525621A97B8600D20D51 /* SCS hackathon */ = {
			isa = PBXNativeTarget;
			buildConfigurationList = 321E528121A97B8F00D20D51 /* Build configuration list for PBXNativeTarget "SCS hackathon" */;
			buildPhases = (
				321E525321A97B8600D20D51 /* Sources */,
				321E525421A97B8600D20D51 /* Frameworks */,
				321E525521A97B8600D20D51 /* Resources */,
			);
			buildRules = (
			);
			dependencies = (
			);
			name = "SCS hackathon";
			productName = "SCS hackathon";
			productReference = 321E525721A97B8600D20D51 /* SCS hackathon.app */;
			productType = "com.apple.product-type.application";
		};
		321E526C21A97B8F00D20D51 /* SCS hackathonTests */ = {
			isa = PBXNativeTarget;
			buildConfigurationList = 321E528421A97B8F00D20D51 /* Build configuration list for PBXNativeTarget "SCS hackathonTests" */;
			buildPhases = (
				321E526921A97B8F00D20D51 /* Sources */,
				321E526A21A97B8F00D20D51 /* Frameworks */,
				321E526B21A97B8F00D20D51 /* Resources */,
			);
			buildRules = (
			);
			dependencies = (
				321E526F21A97B8F00D20D51 /* PBXTargetDependency */,
			);
			name = "SCS hackathonTests";
			productName = "SCS hackathonTests";
			productReference = 321E526D21A97B8F00D20D51 /* SCS hackathonTests.xctest */;
			productType = "com.apple.product-type.bundle.unit-test";
		};
		321E527721A97B8F00D20D51 /* SCS hackathonUITests */ = {
			isa = PBXNativeTarget;
			buildConfigurationList = 321E528721A97B8F00D20D51 /* Build configuration list for PBXNativeTarget "SCS hackathonUITests" */;
			buildPhases = (
				321E527421A97B8F00D20D51 /* Sources */,
				321E527521A97B8F00D20D51 /* Frameworks */,
				321E527621A97B8F00D20D51 /* Resources */,
			);
			buildRules = (
			);
			dependencies = (
				321E527A21A97B8F00D20D51 /* PBXTargetDependency */,
			);
			name = "SCS hackathonUITests";
			productName = "SCS hackathonUITests";
			productReference = 321E527821A97B8F00D20D51 /* SCS hackathonUITests.xctest */;
			productType = "com.apple.product-type.bundle.ui-testing";
		};
/* End PBXNativeTarget section */

/* Begin PBXProject section */
		321E524F21A97B8600D20D51 /* Project object */ = {
			isa = PBXProject;
			attributes = {
				LastSwiftUpdateCheck = 1010;
				LastUpgradeCheck = 1010;
				ORGANIZATIONNAME = "SST Inc";
				TargetAttributes = {
					321E525621A97B8600D20D51 = {
						CreatedOnToolsVersion = 10.1;
					};
					321E526C21A97B8F00D20D51 = {
						CreatedOnToolsVersion = 10.1;
						TestTargetID = 321E525621A97B8600D20D51;
					};
					321E527721A97B8F00D20D51 = {
						CreatedOnToolsVersion = 10.1;
						TestTargetID = 321E525621A97B8600D20D51;
					};
				};
			};
			buildConfigurationList = 321E525221A97B8600D20D51 /* Build configuration list for PBXProject "SCS hackathon" */;
			compatibilityVersion = "Xcode 9.3";
			developmentRegion = en;
			hasScannedForEncodings = 0;
			knownRegions = (
				en,
				Base,
			);
			mainGroup = 321E524E21A97B8600D20D51;
			productRefGroup = 321E525821A97B8600D20D51 /* Products */;
			projectDirPath = "";
			projectRoot = "";
			targets = (
				321E525621A97B8600D20D51 /* SCS hackathon */,
				321E526C21A97B8F00D20D51 /* SCS hackathonTests */,
				321E527721A97B8F00D20D51 /* SCS hackathonUITests */,
			);
		};
/* End PBXProject section */

/* Begin PBXResourcesBuildPhase section */
		321E525521A97B8600D20D51 /* Resources */ = {
			isa = PBXResourcesBuildPhase;
			buildActionMask = 2147483647;
			files = (
				321E525D21A97B8600D20D51 /* art.scnassets in Resources */,
				321E526721A97B8E00D20D51 /* LaunchScreen.storyboard in Resources */,
				321E526421A97B8E00D20D51 /* Assets.xcassets in Resources */,
				321E526221A97B8700D20D51 /* Main.storyboard in Resources */,
			);
			runOnlyForDeploymentPostprocessing = 0;
		};
		321E526B21A97B8F00D20D51 /* Resources */ = {
			isa = PBXResourcesBuildPhase;
			buildActionMask = 2147483647;
			files = (
			);
			runOnlyForDeploymentPostprocessing = 0;
		};
		321E527621A97B8F00D20D51 /* Resources */ = {
			isa = PBXResourcesBuildPhase;
			buildActionMask = 2147483647;
			files = (
			);
			runOnlyForDeploymentPostprocessing = 0;
		};
/* End PBXResourcesBuildPhase section */

/* Begin PBXSourcesBuildPhase section */
		321E525321A97B8600D20D51 /* Sources */ = {
			isa = PBXSourcesBuildPhase;
			buildActionMask = 2147483647;
			files = (
				321E525F21A97B8700D20D51 /* ViewController.swift in Sources */,
				321E525B21A97B8600D20D51 /* AppDelegate.swift in Sources */,
				323F633121AFBBFD00EC7854 /* HomeViewController.swift in Sources */,
			);
			runOnlyForDeploymentPostprocessing = 0;
		};
		321E526921A97B8F00D20D51 /* Sources */ = {
			isa = PBXSourcesBuildPhase;
			buildActionMask = 2147483647;
			files = (
				321E527221A97B8F00D20D51 /* SCS_hackathonTests.swift in Sources */,
			);
			runOnlyForDeploymentPostprocessing = 0;
		};
		321E527421A97B8F00D20D51 /* Sources */ = {
			isa = PBXSourcesBuildPhase;
			buildActionMask = 2147483647;
			files = (
				321E527D21A97B8F00D20D51 /* SCS_hackathonUITests.swift in Sources */,
			);
			runOnlyForDeploymentPostprocessing = 0;
		};
/* End PBXSourcesBuildPhase section */

/* Begin PBXTargetDependency section */
		321E526F21A97B8F00D20D51 /* PBXTargetDependency */ = {
			isa = PBXTargetDependency;
			target = 321E525621A97B8600D20D51 /* SCS hackathon */;
			targetProxy = 321E526E21A97B8F00D20D51 /* PBXContainerItemProxy */;
		};
		321E527A21A97B8F00D20D51 /* PBXTargetDependency */ = {
			isa = PBXTargetDependency;
			target = 321E525621A97B8600D20D51 /* SCS hackathon */;
			targetProxy = 321E527921A97B8F00D20D51 /* PBXContainerItemProxy */;
		};
/* End PBXTargetDependency section */

/* Begin PBXVariantGroup section */
		321E526021A97B8700D20D51 /* Main.storyboard */ = {
			isa = PBXVariantGroup;
			children = (
				321E526121A97B8700D20D51 /* Base */,
			);
			name = Main.storyboard;
			sourceTree = "<group>";
		};
		321E526521A97B8E00D20D51 /* LaunchScreen.storyboard */ = {
			isa = PBXVariantGroup;
			children = (
				321E526621A97B8E00D20D51 /* Base */,
			);
			name = LaunchScreen.storyboard;
			sourceTree = "<group>";
		};
/* End PBXVariantGroup section */

/* Begin XCBuildConfiguration section */
		321E527F21A97B8F00D20D51 /* Debug */ = {
			isa = XCBuildConfiguration;
			buildSettings = {
				ALWAYS_SEARCH_USER_PATHS = NO;
				CLANG_ANALYZER_NONNULL = YES;
				CLANG_ANALYZER_NUMBER_OBJECT_CONVERSION = YES_AGGRESSIVE;
				CLANG_CXX_LANGUAGE_STANDARD = "gnu++14";
				CLANG_CXX_LIBRARY = "libc++";
				CLANG_ENABLE_MODULES = YES;
				CLANG_ENABLE_OBJC_ARC = YES;
				CLANG_ENABLE_OBJC_WEAK = YES;
				CLANG_WARN_BLOCK_CAPTURE_AUTORELEASING = YES;
				CLANG_WARN_BOOL_CONVERSION = YES;
				CLANG_WARN_COMMA = YES;
				CLANG_WARN_CONSTANT_CONVERSION = YES;
				CLANG_WARN_DEPRECATED_OBJC_IMPLEMENTATIONS = YES;
				CLANG_WARN_DIRECT_OBJC_ISA_USAGE = YES_ERROR;
				CLANG_WARN_DOCUMENTATION_COMMENTS = YES;
				CLANG_WARN_EMPTY_BODY = YES;
				CLANG_WARN_ENUM_CONVERSION = YES;
				CLANG_WARN_INFINITE_RECURSION = YES;
				CLANG_WARN_INT_CONVERSION = YES;
				CLANG_WARN_NON_LITERAL_NULL_CONVERSION = YES;
				CLANG_WARN_OBJC_IMPLICIT_RETAIN_SELF = YES;
				CLANG_WARN_OBJC_LITERAL_CONVERSION = YES;
				CLANG_WARN_OBJC_ROOT_CLASS = YES_ERROR;
				CLANG_WARN_RANGE_LOOP_ANALYSIS = YES;
				CLANG_WARN_STRICT_PROTOTYPES = YES;
				CLANG_WARN_SUSPICIOUS_MOVE = YES;
				CLANG_WARN_UNGUARDED_AVAILABILITY = YES_AGGRESSIVE;
				CLANG_WARN_UNREACHABLE_CODE = YES;
				CLANG_WARN__DUPLICATE_METHOD_MATCH = YES;
				CODE_SIGN_IDENTITY = "iPhone Developer";
				COPY_PHASE_STRIP = NO;
				DEBUG_INFORMATION_FORMAT = dwarf;
				ENABLE_STRICT_OBJC_MSGSEND = YES;
				ENABLE_TESTABILITY = YES;
				GCC_C_LANGUAGE_STANDARD = gnu11;
				GCC_DYNAMIC_NO_PIC = NO;
				GCC_NO_COMMON_BLOCKS = YES;
				GCC_OPTIMIZATION_LEVEL = 0;
				GCC_PREPROCESSOR_DEFINITIONS = (
					"DEBUG=1",
					"$(inherited)",
				);
				GCC_WARN_64_TO_32_BIT_CONVERSION = YES;
				GCC_WARN_ABOUT_RETURN_TYPE = YES_ERROR;
				GCC_WARN_UNDECLARED_SELECTOR = YES;
				GCC_WARN_UNINITIALIZED_AUTOS = YES_AGGRESSIVE;
				GCC_WARN_UNUSED_FUNCTION = YES;
				GCC_WARN_UNUSED_VARIABLE = YES;
				IPHONEOS_DEPLOYMENT_TARGET = 12.1;
				MTL_ENABLE_DEBUG_INFO = INCLUDE_SOURCE;
				MTL_FAST_MATH = YES;
				ONLY_ACTIVE_ARCH = YES;
				SDKROOT = iphoneos;
				SWIFT_ACTIVE_COMPILATION_CONDITIONS = DEBUG;
				SWIFT_OPTIMIZATION_LEVEL = "-Onone";
			};
			name = Debug;
		};
		321E528021A97B8F00D20D51 /* Release */ = {
			isa = XCBuildConfiguration;
			buildSettings = {
				ALWAYS_SEARCH_USER_PATHS = NO;
				CLANG_ANALYZER_NONNULL = YES;
				CLANG_ANALYZER_NUMBER_OBJECT_CONVERSION = YES_AGGRESSIVE;
				CLANG_CXX_LANGUAGE_STANDARD = "gnu++14";
				CLANG_CXX_LIBRARY = "libc++";
				CLANG_ENABLE_MODULES = YES;
				CLANG_ENABLE_OBJC_ARC = YES;
				CLANG_ENABLE_OBJC_WEAK = YES;
				CLANG_WARN_BLOCK_CAPTURE_AUTORELEASING = YES;
				CLANG_WARN_BOOL_CONVERSION = YES;
				CLANG_WARN_COMMA = YES;
				CLANG_WARN_CONSTANT_CONVERSION = YES;
				CLANG_WARN_DEPRECATED_OBJC_IMPLEMENTATIONS = YES;
				CLANG_WARN_DIRECT_OBJC_ISA_USAGE = YES_ERROR;
				CLANG_WARN_DOCUMENTATION_COMMENTS = YES;
				CLANG_WARN_EMPTY_BODY = YES;
				CLANG_WARN_ENUM_CONVERSION = YES;
				CLANG_WARN_INFINITE_RECURSION = YES;
				CLANG_WARN_INT_CONVERSION = YES;
				CLANG_WARN_NON_LITERAL_NULL_CONVERSION = YES;
				CLANG_WARN_OBJC_IMPLICIT_RETAIN_SELF = YES;
				CLANG_WARN_OBJC_LITERAL_CONVERSION = YES;
				CLANG_WARN_OBJC_ROOT_CLASS = YES_ERROR;
				CLANG_WARN_RANGE_LOOP_ANALYSIS = YES;
				CLANG_WARN_STRICT_PROTOTYPES = YES;
				CLANG_WARN_SUSPICIOUS_MOVE = YES;
				CLANG_WARN_UNGUARDED_AVAILABILITY = YES_AGGRESSIVE;
				CLANG_WARN_UNREACHABLE_CODE = YES;
				CLANG_WARN__DUPLICATE_METHOD_MATCH = YES;
				CODE_SIGN_IDENTITY = "iPhone Developer";
				COPY_PHASE_STRIP = NO;
				DEBUG_INFORMATION_FORMAT = "dwarf-with-dsym";
				ENABLE_NS_ASSERTIONS = NO;
				ENABLE_STRICT_OBJC_MSGSEND = YES;
				GCC_C_LANGUAGE_STANDARD = gnu11;
				GCC_NO_COMMON_BLOCKS = YES;
				GCC_WARN_64_TO_32_BIT_CONVERSION = YES;
				GCC_WARN_ABOUT_RETURN_TYPE = YES_ERROR;
				GCC_WARN_UNDECLARED_SELECTOR = YES;
				GCC_WARN_UNINITIALIZED_AUTOS = YES_AGGRESSIVE;
				GCC_WARN_UNUSED_FUNCTION = YES;
				GCC_WARN_UNUSED_VARIABLE = YES;
				IPHONEOS_DEPLOYMENT_TARGET = 12.1;
				MTL_ENABLE_DEBUG_INFO = NO;
				MTL_FAST_MATH = YES;
				SDKROOT = iphoneos;
				SWIFT_COMPILATION_MODE = wholemodule;
				SWIFT_OPTIMIZATION_LEVEL = "-O";
				VALIDATE_PRODUCT = YES;
			};
			name = Release;
		};
		321E528221A97B8F00D20D51 /* Debug */ = {
			isa = XCBuildConfiguration;
			buildSettings = {
				ASSETCATALOG_COMPILER_APPICON_NAME = AppIcon;
				CODE_SIGN_STYLE = Automatic;
				DEVELOPMENT_TEAM = 7K6ZTDFM48;
				INFOPLIST_FILE = "SCS hackathon/Info.plist";
				LD_RUNPATH_SEARCH_PATHS = (
					"$(inherited)",
					"@executable_path/Frameworks",
				);
				PRODUCT_BUNDLE_IDENTIFIER = "org.sstinc.SCS-hackathon";
				PRODUCT_NAME = "$(TARGET_NAME)";
				SWIFT_VERSION = 4.2;
				TARGETED_DEVICE_FAMILY = "1,2";
			};
			name = Debug;
		};
		321E528321A97B8F00D20D51 /* Release */ = {
			isa = XCBuildConfiguration;
			buildSettings = {
				ASSETCATALOG_COMPILER_APPICON_NAME = AppIcon;
				CODE_SIGN_STYLE = Automatic;
				DEVELOPMENT_TEAM = 7K6ZTDFM48;
				INFOPLIST_FILE = "SCS hackathon/Info.plist";
				LD_RUNPATH_SEARCH_PATHS = (
					"$(inherited)",
					"@executable_path/Frameworks",
				);
				PRODUCT_BUNDLE_IDENTIFIER = "org.sstinc.SCS-hackathon";
				PRODUCT_NAME = "$(TARGET_NAME)";
				SWIFT_VERSION = 4.2;
				TARGETED_DEVICE_FAMILY = "1,2";
			};
			name = Release;
		};
		321E528521A97B8F00D20D51 /* Debug */ = {
			isa = XCBuildConfiguration;
			buildSettings = {
				ALWAYS_EMBED_SWIFT_STANDARD_LIBRARIES = YES;
				BUNDLE_LOADER = "$(TEST_HOST)";
				CODE_SIGN_STYLE = Automatic;
				DEVELOPMENT_TEAM = 7K6ZTDFM48;
				INFOPLIST_FILE = "SCS hackathonTests/Info.plist";
				LD_RUNPATH_SEARCH_PATHS = (
					"$(inherited)",
					"@executable_path/Frameworks",
					"@loader_path/Frameworks",
				);
				PRODUCT_BUNDLE_IDENTIFIER = "org.sstinc.SCS-hackathonTests";
				PRODUCT_NAME = "$(TARGET_NAME)";
				SWIFT_VERSION = 4.2;
				TARGETED_DEVICE_FAMILY = "1,2";
				TEST_HOST = "$(BUILT_PRODUCTS_DIR)/SCS hackathon.app/SCS hackathon";
			};
			name = Debug;
		};
		321E528621A97B8F00D20D51 /* Release */ = {
			isa = XCBuildConfiguration;
			buildSettings = {
				ALWAYS_EMBED_SWIFT_STANDARD_LIBRARIES = YES;
				BUNDLE_LOADER = "$(TEST_HOST)";
				CODE_SIGN_STYLE = Automatic;
				DEVELOPMENT_TEAM = 7K6ZTDFM48;
				INFOPLIST_FILE = "SCS hackathonTests/Info.plist";
				LD_RUNPATH_SEARCH_PATHS = (
					"$(inherited)",
					"@executable_path/Frameworks",
					"@loader_path/Frameworks",
				);
				PRODUCT_BUNDLE_IDENTIFIER = "org.sstinc.SCS-hackathonTests";
				PRODUCT_NAME = "$(TARGET_NAME)";
				SWIFT_VERSION = 4.2;
				TARGETED_DEVICE_FAMILY = "1,2";
				TEST_HOST = "$(BUILT_PRODUCTS_DIR)/SCS hackathon.app/SCS hackathon";
			};
			name = Release;
		};
		321E528821A97B8F00D20D51 /* Debug */ = {
			isa = XCBuildConfiguration;
			buildSettings = {
				ALWAYS_EMBED_SWIFT_STANDARD_LIBRARIES = YES;
				CODE_SIGN_STYLE = Automatic;
				DEVELOPMENT_TEAM = 7K6ZTDFM48;
				INFOPLIST_FILE = "SCS hackathonUITests/Info.plist";
				LD_RUNPATH_SEARCH_PATHS = (
					"$(inherited)",
					"@executable_path/Frameworks",
					"@loader_path/Frameworks",
				);
				PRODUCT_BUNDLE_IDENTIFIER = "org.sstinc.SCS-hackathonUITests";
				PRODUCT_NAME = "$(TARGET_NAME)";
				SWIFT_VERSION = 4.2;
				TARGETED_DEVICE_FAMILY = "1,2";
				TEST_TARGET_NAME = "SCS hackathon";
			};
			name = Debug;
		};
		321E528921A97B8F00D20D51 /* Release */ = {
			isa = XCBuildConfiguration;
			buildSettings = {
				ALWAYS_EMBED_SWIFT_STANDARD_LIBRARIES = YES;
				CODE_SIGN_STYLE = Automatic;
				DEVELOPMENT_TEAM = 7K6ZTDFM48;
				INFOPLIST_FILE = "SCS hackathonUITests/Info.plist";
				LD_RUNPATH_SEARCH_PATHS = (
					"$(inherited)",
					"@executable_path/Frameworks",
					"@loader_path/Frameworks",
				);
				PRODUCT_BUNDLE_IDENTIFIER = "org.sstinc.SCS-hackathonUITests";
				PRODUCT_NAME = "$(TARGET_NAME)";
				SWIFT_VERSION = 4.2;
				TARGETED_DEVICE_FAMILY = "1,2";
				TEST_TARGET_NAME = "SCS hackathon";
			};
			name = Release;
		};
/* End XCBuildConfiguration section */

/* Begin XCConfigurationList section */
		321E525221A97B8600D20D51 /* Build configuration list for PBXProject "SCS hackathon" */ = {
			isa = XCConfigurationList;
			buildConfigurations = (
				321E527F21A97B8F00D20D51 /* Debug */,
				321E528021A97B8F00D20D51 /* Release */,
			);
			defaultConfigurationIsVisible = 0;
			defaultConfigurationName = Release;
		};
		321E528121A97B8F00D20D51 /* Build configuration list for PBXNativeTarget "SCS hackathon" */ = {
			isa = XCConfigurationList;
			buildConfigurations = (
				321E528221A97B8F00D20D51 /* Debug */,
				321E528321A97B8F00D20D51 /* Release */,
			);
			defaultConfigurationIsVisible = 0;
			defaultConfigurationName = Release;
		};
		321E528421A97B8F00D20D51 /* Build configuration list for PBXNativeTarget "SCS hackathonTests" */ = {
			isa = XCConfigurationList;
			buildConfigurations = (
				321E528521A97B8F00D20D51 /* Debug */,
				321E528621A97B8F00D20D51 /* Release */,
			);
			defaultConfigurationIsVisible = 0;
			defaultConfigurationName = Release;
		};
		321E528721A97B8F00D20D51 /* Build configuration list for PBXNativeTarget "SCS hackathonUITests" */ = {
			isa = XCConfigurationList;
			buildConfigurations = (
				321E528821A97B8F00D20D51 /* Debug */,
				321E528921A97B8F00D20D51 /* Release */,
			);
			defaultConfigurationIsVisible = 0;
			defaultConfigurationName = Release;
		};
/* End XCConfigurationList section */
	};
	rootObject = 321E524F21A97B8600D20D51 /* Project object */;
}
